// !$*UTF8*$!
{
	archiveVersion = 1;
	classes = {
	};
	objectVersion = 46;
	objects = {

/* Begin PBXAggregateTarget section */
		27FBB5001627668B0060C9AF /* CocoaAsyncSocketIOS */ = {
			isa = PBXAggregateTarget;
			buildConfigurationList = 27FBB5011627668B0060C9AF /* Build configuration list for PBXAggregateTarget "CocoaAsyncSocketIOS" */;
			buildPhases = (
				27FBB53916276B4E0060C9AF /* Build Framework */,
			);
			dependencies = (
				270B117F1628E03A005A82FA /* PBXTargetDependency */,
				27FBB53816276B4C0060C9AF /* PBXTargetDependency */,
			);
			name = CocoaAsyncSocketIOS;
			productName = CocoaAsyncSocketIOS;
		};
/* End PBXAggregateTarget section */

/* Begin PBXBuildFile section */
		27B16AC4162B5A47008731F6 /* CocoaLumberjack.framework in Frameworks */ = {isa = PBXBuildFile; fileRef = 270B117A1628E023005A82FA /* CocoaLumberjack.framework */; };
		27C38CA2162B96B9006E831C /* License-CocoaAsyncSocket.txt in Resources */ = {isa = PBXBuildFile; fileRef = 27C38C9F162B96B9006E831C /* License-CocoaAsyncSocket.txt */; };
		27C38CA3162B96B9006E831C /* License.txt in Resources */ = {isa = PBXBuildFile; fileRef = 27C38CA0162B96B9006E831C /* License.txt */; };
		27C38CA4162B96B9006E831C /* Version in Resources */ = {isa = PBXBuildFile; fileRef = 27C38CA1162B96B9006E831C /* Version */; };
		27C38CA5162B96C3006E831C /* License-CocoaAsyncSocket.txt in CopyFiles */ = {isa = PBXBuildFile; fileRef = 27C38C9F162B96B9006E831C /* License-CocoaAsyncSocket.txt */; };
		27C38CA6162B96C3006E831C /* License.txt in CopyFiles */ = {isa = PBXBuildFile; fileRef = 27C38CA0162B96B9006E831C /* License.txt */; };
		27C38CA7162B96C3006E831C /* Version in CopyFiles */ = {isa = PBXBuildFile; fileRef = 27C38CA1162B96B9006E831C /* Version */; };
		27FBB510162769250060C9AF /* GCDAsyncSocket.h in Headers */ = {isa = PBXBuildFile; fileRef = 27FBB507162769250060C9AF /* GCDAsyncSocket.h */; settings = {ATTRIBUTES = (Public, ); }; };
		27FBB511162769250060C9AF /* GCDAsyncSocket.m in Sources */ = {isa = PBXBuildFile; fileRef = 27FBB508162769250060C9AF /* GCDAsyncSocket.m */; };
		27FBB512162769250060C9AF /* GCDAsyncSocket.m in Sources */ = {isa = PBXBuildFile; fileRef = 27FBB508162769250060C9AF /* GCDAsyncSocket.m */; };
		27FBB513162769250060C9AF /* GCDAsyncUdpSocket.h in Headers */ = {isa = PBXBuildFile; fileRef = 27FBB509162769250060C9AF /* GCDAsyncUdpSocket.h */; settings = {ATTRIBUTES = (Public, ); }; };
		27FBB514162769250060C9AF /* GCDAsyncUdpSocket.m in Sources */ = {isa = PBXBuildFile; fileRef = 27FBB50A162769250060C9AF /* GCDAsyncUdpSocket.m */; };
		27FBB515162769250060C9AF /* GCDAsyncUdpSocket.m in Sources */ = {isa = PBXBuildFile; fileRef = 27FBB50A162769250060C9AF /* GCDAsyncUdpSocket.m */; };
		27FBB516162769250060C9AF /* AsyncSocket.h in Headers */ = {isa = PBXBuildFile; fileRef = 27FBB50C162769250060C9AF /* AsyncSocket.h */; settings = {ATTRIBUTES = (Public, ); }; };
		27FBB517162769250060C9AF /* AsyncSocket.m in Sources */ = {isa = PBXBuildFile; fileRef = 27FBB50D162769250060C9AF /* AsyncSocket.m */; };
		27FBB518162769250060C9AF /* AsyncSocket.m in Sources */ = {isa = PBXBuildFile; fileRef = 27FBB50D162769250060C9AF /* AsyncSocket.m */; };
		27FBB519162769250060C9AF /* AsyncUdpSocket.h in Headers */ = {isa = PBXBuildFile; fileRef = 27FBB50E162769250060C9AF /* AsyncUdpSocket.h */; settings = {ATTRIBUTES = (Public, ); }; };
		27FBB51A162769250060C9AF /* AsyncUdpSocket.m in Sources */ = {isa = PBXBuildFile; fileRef = 27FBB50F162769250060C9AF /* AsyncUdpSocket.m */; };
		27FBB51B162769250060C9AF /* AsyncUdpSocket.m in Sources */ = {isa = PBXBuildFile; fileRef = 27FBB50F162769250060C9AF /* AsyncUdpSocket.m */; };
		27FBB528162769BF0060C9AF /* GCDAsyncSocket.h in Headers */ = {isa = PBXBuildFile; fileRef = 27FBB507162769250060C9AF /* GCDAsyncSocket.h */; settings = {ATTRIBUTES = (Public, ); }; };
		27FBB529162769BF0060C9AF /* GCDAsyncUdpSocket.h in Headers */ = {isa = PBXBuildFile; fileRef = 27FBB509162769250060C9AF /* GCDAsyncUdpSocket.h */; settings = {ATTRIBUTES = (Public, ); }; };
		27FBB52A162769BF0060C9AF /* AsyncSocket.h in Headers */ = {isa = PBXBuildFile; fileRef = 27FBB50C162769250060C9AF /* AsyncSocket.h */; settings = {ATTRIBUTES = (Public, ); }; };
		27FBB52B162769BF0060C9AF /* AsyncUdpSocket.h in Headers */ = {isa = PBXBuildFile; fileRef = 27FBB50E162769250060C9AF /* AsyncUdpSocket.h */; settings = {ATTRIBUTES = (Public, ); }; };
		7BBD9D5E182C8ECF007395D5 /* CocoaLumberjack.framework in CopyFiles */ = {isa = PBXBuildFile; fileRef = 270B117A1628E023005A82FA /* CocoaLumberjack.framework */; };
		D5A25821163AE5F100D1E001 /* CocoaAsyncSocketTests.m in Sources */ = {isa = PBXBuildFile; fileRef = D5A25820163AE5F100D1E001 /* CocoaAsyncSocketTests.m */; };
		D5A25822163AE5F100D1E001 /* CocoaAsyncSocketTests.m in Sources */ = {isa = PBXBuildFile; fileRef = D5A25820163AE5F100D1E001 /* CocoaAsyncSocketTests.m */; };
		D5A25829163AE78800D1E001 /* CocoaAsyncSocket.framework in Frameworks */ = {isa = PBXBuildFile; fileRef = 27FBB4EC162766610060C9AF /* CocoaAsyncSocket.framework */; };
		D5FE34C0163AEE9D0090BB94 /* libCocoaAsyncSocket.a in Frameworks */ = {isa = PBXBuildFile; fileRef = 27FBB4D2162765FF0060C9AF /* libCocoaAsyncSocket.a */; };
		D5FE34D6163AEF5F0090BB94 /* SenTestingKit.framework in Frameworks */ = {isa = PBXBuildFile; fileRef = D5FE34D3163AEF480090BB94 /* SenTestingKit.framework */; };
		D5FE34DA163AEFC50090BB94 /* Security.framework in Frameworks */ = {isa = PBXBuildFile; fileRef = D5FE34D7163AEFA80090BB94 /* Security.framework */; };
		D5FE34DC163AEFE40090BB94 /* CFNetwork.framework in Frameworks */ = {isa = PBXBuildFile; fileRef = D5FE34DB163AEFE40090BB94 /* CFNetwork.framework */; };
		D5FE34DD163AEFF30090BB94 /* SenTestingKit.framework in Frameworks */ = {isa = PBXBuildFile; fileRef = D5FE34D3163AEF480090BB94 /* SenTestingKit.framework */; };
		D5FE34E4163AF0560090BB94 /* Security.framework in Frameworks */ = {isa = PBXBuildFile; fileRef = D5FE34DE163AF0110090BB94 /* Security.framework */; };
		D5FE34E5163AF05A0090BB94 /* CFNetwork.framework in Frameworks */ = {isa = PBXBuildFile; fileRef = D5FE34E1163AF0390090BB94 /* CFNetwork.framework */; };
		D5FE35CF163AF6F20090BB94 /* libCocoaLumberjack.a in Frameworks */ = {isa = PBXBuildFile; fileRef = 270B11781628E023005A82FA /* libCocoaLumberjack.a */; };
		D5FE3669163AFC3E0090BB94 /* UIKit.framework in Frameworks */ = {isa = PBXBuildFile; fileRef = D5FE3665163AFC260090BB94 /* UIKit.framework */; };
		D5FE366A163AFC410090BB94 /* CoreGraphics.framework in Frameworks */ = {isa = PBXBuildFile; fileRef = D5FE3667163AFC2E0090BB94 /* CoreGraphics.framework */; };
/* End PBXBuildFile section */

/* Begin PBXContainerItemProxy section */
		270B11771628E023005A82FA /* PBXContainerItemProxy */ = {
			isa = PBXContainerItemProxy;
			containerPortal = 270B116E1628E022005A82FA /* CocoaLumberjack.xcodeproj */;
			proxyType = 2;
			remoteGlobalIDString = 2765C67C161CC34100E21ECB;
			remoteInfo = CocoaLumberjackStaticIOS;
		};
		270B11791628E023005A82FA /* PBXContainerItemProxy */ = {
			isa = PBXContainerItemProxy;
			containerPortal = 270B116E1628E022005A82FA /* CocoaLumberjack.xcodeproj */;
			proxyType = 2;
			remoteGlobalIDString = 2765C6CC161CCD2B00E21ECB;
			remoteInfo = CocoaLumberjackOSX;
		};
		270B117C1628E036005A82FA /* PBXContainerItemProxy */ = {
			isa = PBXContainerItemProxy;
			containerPortal = 270B116E1628E022005A82FA /* CocoaLumberjack.xcodeproj */;
			proxyType = 1;
			remoteGlobalIDString = 2765C67B161CC34100E21ECB;
			remoteInfo = CocoaLumberjackStaticIOS;
		};
		270B117E1628E03A005A82FA /* PBXContainerItemProxy */ = {
			isa = PBXContainerItemProxy;
			containerPortal = 270B116E1628E022005A82FA /* CocoaLumberjack.xcodeproj */;
			proxyType = 1;
			remoteGlobalIDString = 2765C6C0161CCBC500E21ECB;
			remoteInfo = CocoaLumberjackIOS;
		};
		270B11801628E03E005A82FA /* PBXContainerItemProxy */ = {
			isa = PBXContainerItemProxy;
			containerPortal = 270B116E1628E022005A82FA /* CocoaLumberjack.xcodeproj */;
			proxyType = 1;
			remoteGlobalIDString = 2765C6CB161CCD2B00E21ECB;
			remoteInfo = CocoaLumberjackOSX;
		};
		27FBB53716276B4C0060C9AF /* PBXContainerItemProxy */ = {
			isa = PBXContainerItemProxy;
			containerPortal = 27FBB4C9162765FF0060C9AF /* Project object */;
			proxyType = 1;
			remoteGlobalIDString = 27FBB4D1162765FF0060C9AF;
			remoteInfo = CocoaAsyncSocketStaticIOS;
		};
		D5A255D9163A262A00D1E001 /* PBXContainerItemProxy */ = {
			isa = PBXContainerItemProxy;
			containerPortal = 270B116E1628E022005A82FA /* CocoaLumberjack.xcodeproj */;
			proxyType = 2;
			remoteGlobalIDString = 271173A41634CCB20077D393;
			remoteInfo = CocoaLumberjackIOSTests;
		};
		D5A255DB163A262A00D1E001 /* PBXContainerItemProxy */ = {
			isa = PBXContainerItemProxy;
			containerPortal = 270B116E1628E022005A82FA /* CocoaLumberjack.xcodeproj */;
			proxyType = 2;
			remoteGlobalIDString = 271173CF1634CE850077D393;
			remoteInfo = CocoaLumberjackOSXTests;
		};
		D5FE34BB163AEE870090BB94 /* PBXContainerItemProxy */ = {
			isa = PBXContainerItemProxy;
			containerPortal = 27FBB4C9162765FF0060C9AF /* Project object */;
			proxyType = 1;
			remoteGlobalIDString = 27FBB4EB162766610060C9AF;
			remoteInfo = CocoaAsyncSocketOSX;
		};
		D5FE34BD163AEE8D0090BB94 /* PBXContainerItemProxy */ = {
			isa = PBXContainerItemProxy;
			containerPortal = 27FBB4C9162765FF0060C9AF /* Project object */;
			proxyType = 1;
			remoteGlobalIDString = 27FBB4D1162765FF0060C9AF;
			remoteInfo = CocoaAsyncSocketStaticIOS;
		};
/* End PBXContainerItemProxy section */

/* Begin PBXCopyFilesBuildPhase section */
		27FBB4D0162765FF0060C9AF /* CopyFiles */ = {
			isa = PBXCopyFilesBuildPhase;
			buildActionMask = 2147483647;
			dstPath = "${PRODUCT_NAME}Resources";
			dstSubfolderSpec = 16;
			files = (
				27C38CA5162B96C3006E831C /* License-CocoaAsyncSocket.txt in CopyFiles */,
				27C38CA6162B96C3006E831C /* License.txt in CopyFiles */,
				27C38CA7162B96C3006E831C /* Version in CopyFiles */,
			);
			runOnlyForDeploymentPostprocessing = 0;
		};
		7BBD9D5D182C8EC5007395D5 /* CopyFiles */ = {
			isa = PBXCopyFilesBuildPhase;
			buildActionMask = 2147483647;
			dstPath = "";
			dstSubfolderSpec = 10;
			files = (
				7BBD9D5E182C8ECF007395D5 /* CocoaLumberjack.framework in CopyFiles */,
			);
			runOnlyForDeploymentPostprocessing = 0;
		};
/* End PBXCopyFilesBuildPhase section */

/* Begin PBXFileReference section */
		270B116E1628E022005A82FA /* CocoaLumberjack.xcodeproj */ = {isa = PBXFileReference; lastKnownFileType = "wrapper.pb-project"; name = CocoaLumberjack.xcodeproj; path = Frameworks/CocoaLumberjack/CocoaLumberjack.xcodeproj; sourceTree = "<group>"; };
		27C38C9F162B96B9006E831C /* License-CocoaAsyncSocket.txt */ = {isa = PBXFileReference; fileEncoding = 4; lastKnownFileType = text; path = "License-CocoaAsyncSocket.txt"; sourceTree = "<group>"; };
		27C38CA0162B96B9006E831C /* License.txt */ = {isa = PBXFileReference; fileEncoding = 4; lastKnownFileType = text; path = License.txt; sourceTree = "<group>"; };
		27C38CA1162B96B9006E831C /* Version */ = {isa = PBXFileReference; fileEncoding = 4; lastKnownFileType = text; path = Version; sourceTree = "<group>"; };
		27FBB4D2162765FF0060C9AF /* libCocoaAsyncSocket.a */ = {isa = PBXFileReference; explicitFileType = archive.ar; includeInIndex = 0; path = libCocoaAsyncSocket.a; sourceTree = BUILT_PRODUCTS_DIR; };
		27FBB4EC162766610060C9AF /* CocoaAsyncSocket.framework */ = {isa = PBXFileReference; explicitFileType = wrapper.framework; includeInIndex = 0; path = CocoaAsyncSocket.framework; sourceTree = BUILT_PRODUCTS_DIR; };
		27FBB507162769250060C9AF /* GCDAsyncSocket.h */ = {isa = PBXFileReference; fileEncoding = 4; lastKnownFileType = sourcecode.c.h; path = GCDAsyncSocket.h; sourceTree = "<group>"; };
		27FBB508162769250060C9AF /* GCDAsyncSocket.m */ = {isa = PBXFileReference; fileEncoding = 4; lastKnownFileType = sourcecode.c.objc; path = GCDAsyncSocket.m; sourceTree = "<group>"; };
		27FBB509162769250060C9AF /* GCDAsyncUdpSocket.h */ = {isa = PBXFileReference; fileEncoding = 4; lastKnownFileType = sourcecode.c.h; path = GCDAsyncUdpSocket.h; sourceTree = "<group>"; };
		27FBB50A162769250060C9AF /* GCDAsyncUdpSocket.m */ = {isa = PBXFileReference; fileEncoding = 4; lastKnownFileType = sourcecode.c.objc; path = GCDAsyncUdpSocket.m; sourceTree = "<group>"; };
		27FBB50C162769250060C9AF /* AsyncSocket.h */ = {isa = PBXFileReference; fileEncoding = 4; lastKnownFileType = sourcecode.c.h; path = AsyncSocket.h; sourceTree = "<group>"; };
		27FBB50D162769250060C9AF /* AsyncSocket.m */ = {isa = PBXFileReference; fileEncoding = 4; lastKnownFileType = sourcecode.c.objc; path = AsyncSocket.m; sourceTree = "<group>"; };
		27FBB50E162769250060C9AF /* AsyncUdpSocket.h */ = {isa = PBXFileReference; fileEncoding = 4; lastKnownFileType = sourcecode.c.h; path = AsyncUdpSocket.h; sourceTree = "<group>"; };
		27FBB50F162769250060C9AF /* AsyncUdpSocket.m */ = {isa = PBXFileReference; fileEncoding = 4; lastKnownFileType = sourcecode.c.objc; path = AsyncUdpSocket.m; sourceTree = "<group>"; };
		D5A25765163AE01700D1E001 /* CocoaAsyncSocketIOSTests.octest */ = {isa = PBXFileReference; explicitFileType = wrapper.cfbundle; includeInIndex = 0; path = CocoaAsyncSocketIOSTests.octest; sourceTree = BUILT_PRODUCTS_DIR; };
		D5A257AD163AE12400D1E001 /* CocoaAsyncSocketOSXTests.octest */ = {isa = PBXFileReference; explicitFileType = wrapper.cfbundle; includeInIndex = 0; path = CocoaAsyncSocketOSXTests.octest; sourceTree = BUILT_PRODUCTS_DIR; };
		D5A2581F163AE5F100D1E001 /* CocoaAsyncSocketTests.h */ = {isa = PBXFileReference; fileEncoding = 4; lastKnownFileType = sourcecode.c.h; path = CocoaAsyncSocketTests.h; sourceTree = "<group>"; };
		D5A25820163AE5F100D1E001 /* CocoaAsyncSocketTests.m */ = {isa = PBXFileReference; fileEncoding = 4; lastKnownFileType = sourcecode.c.objc; path = CocoaAsyncSocketTests.m; sourceTree = "<group>"; };
		D5FE34D3163AEF480090BB94 /* SenTestingKit.framework */ = {isa = PBXFileReference; lastKnownFileType = wrapper.framework; name = SenTestingKit.framework; path = Library/Frameworks/SenTestingKit.framework; sourceTree = DEVELOPER_DIR; };
		D5FE34D7163AEFA80090BB94 /* Security.framework */ = {isa = PBXFileReference; lastKnownFileType = wrapper.framework; name = Security.framework; path = Platforms/MacOSX.platform/Developer/SDKs/MacOSX10.8.sdk/System/Library/Frameworks/Security.framework; sourceTree = DEVELOPER_DIR; };
		D5FE34DB163AEFE40090BB94 /* CFNetwork.framework */ = {isa = PBXFileReference; lastKnownFileType = wrapper.framework; name = CFNetwork.framework; path = Platforms/MacOSX.platform/Developer/SDKs/MacOSX10.8.sdk/System/Library/Frameworks/CFNetwork.framework; sourceTree = DEVELOPER_DIR; };
		D5FE34DE163AF0110090BB94 /* Security.framework */ = {isa = PBXFileReference; lastKnownFileType = wrapper.framework; name = Security.framework; path = System/Library/Frameworks/Security.framework; sourceTree = SDKROOT; };
		D5FE34E1163AF0390090BB94 /* CFNetwork.framework */ = {isa = PBXFileReference; lastKnownFileType = wrapper.framework; name = CFNetwork.framework; path = System/Library/Frameworks/CFNetwork.framework; sourceTree = SDKROOT; };
		D5FE3665163AFC260090BB94 /* UIKit.framework */ = {isa = PBXFileReference; lastKnownFileType = wrapper.framework; name = UIKit.framework; path = System/Library/Frameworks/UIKit.framework; sourceTree = SDKROOT; };
		D5FE3667163AFC2E0090BB94 /* CoreGraphics.framework */ = {isa = PBXFileReference; lastKnownFileType = wrapper.framework; name = CoreGraphics.framework; path = System/Library/Frameworks/CoreGraphics.framework; sourceTree = SDKROOT; };
/* End PBXFileReference section */

/* Begin PBXFrameworksBuildPhase section */
		27FBB4CF162765FF0060C9AF /* Frameworks */ = {
			isa = PBXFrameworksBuildPhase;
			buildActionMask = 2147483647;
			files = (
				D5FE35CF163AF6F20090BB94 /* libCocoaLumberjack.a in Frameworks */,
			);
			runOnlyForDeploymentPostprocessing = 0;
		};
		27FBB4E8162766610060C9AF /* Frameworks */ = {
			isa = PBXFrameworksBuildPhase;
			buildActionMask = 2147483647;
			files = (
				D5FE34DC163AEFE40090BB94 /* CFNetwork.framework in Frameworks */,
				D5FE34DA163AEFC50090BB94 /* Security.framework in Frameworks */,
				27B16AC4162B5A47008731F6 /* CocoaLumberjack.framework in Frameworks */,
			);
			runOnlyForDeploymentPostprocessing = 0;
		};
		D5A25761163AE01700D1E001 /* Frameworks */ = {
			isa = PBXFrameworksBuildPhase;
			buildActionMask = 2147483647;
			files = (
				D5FE366A163AFC410090BB94 /* CoreGraphics.framework in Frameworks */,
				D5FE3669163AFC3E0090BB94 /* UIKit.framework in Frameworks */,
				D5FE34E5163AF05A0090BB94 /* CFNetwork.framework in Frameworks */,
				D5FE34E4163AF0560090BB94 /* Security.framework in Frameworks */,
				D5FE34D6163AEF5F0090BB94 /* SenTestingKit.framework in Frameworks */,
				D5FE34C0163AEE9D0090BB94 /* libCocoaAsyncSocket.a in Frameworks */,
			);
			runOnlyForDeploymentPostprocessing = 0;
		};
		D5A257A9163AE12400D1E001 /* Frameworks */ = {
			isa = PBXFrameworksBuildPhase;
			buildActionMask = 2147483647;
			files = (
				D5FE34DD163AEFF30090BB94 /* SenTestingKit.framework in Frameworks */,
				D5A25829163AE78800D1E001 /* CocoaAsyncSocket.framework in Frameworks */,
			);
			runOnlyForDeploymentPostprocessing = 0;
		};
/* End PBXFrameworksBuildPhase section */

/* Begin PBXGroup section */
		270B116F1628E022005A82FA /* Products */ = {
			isa = PBXGroup;
			children = (
				270B11781628E023005A82FA /* libCocoaLumberjack.a */,
				270B117A1628E023005A82FA /* CocoaLumberjack.framework */,
				D5A255DA163A262A00D1E001 /* CocoaLumberjackIOSTests.octest */,
				D5A255DC163A262A00D1E001 /* CocoaLumberjackOSXTests.octest */,
			);
			name = Products;
			sourceTree = "<group>";
		};
		27FBB4C7162765FF0060C9AF = {
			isa = PBXGroup;
			children = (
				27FBB505162769170060C9AF /* CocoaAsyncSocket */,
				D5A2581E163AE5F100D1E001 /* CocoaAsyncSocketTests */,
				27FBB52D16276A060060C9AF /* Resources */,
				27FBB4D4162765FF0060C9AF /* Frameworks */,
				27FBB4D3162765FF0060C9AF /* Products */,
			);
			sourceTree = "<group>";
		};
		27FBB4D3162765FF0060C9AF /* Products */ = {
			isa = PBXGroup;
			children = (
				27FBB4D2162765FF0060C9AF /* libCocoaAsyncSocket.a */,
				27FBB4EC162766610060C9AF /* CocoaAsyncSocket.framework */,
				D5A25765163AE01700D1E001 /* CocoaAsyncSocketIOSTests.octest */,
				D5A257AD163AE12400D1E001 /* CocoaAsyncSocketOSXTests.octest */,
			);
			name = Products;
			sourceTree = "<group>";
		};
		27FBB4D4162765FF0060C9AF /* Frameworks */ = {
			isa = PBXGroup;
			children = (
				D5FE34E0163AF01C0090BB94 /* iOS-Testing */,
				D5FE34D9163AEFAE0090BB94 /* OSX */,
				D5FE34CF163AEEF70090BB94 /* Shared */,
				D5FE34D5163AEF510090BB94 /* Shared-Testing */,
			);
			name = Frameworks;
			sourceTree = "<group>";
		};
		27FBB505162769170060C9AF /* CocoaAsyncSocket */ = {
			isa = PBXGroup;
			children = (
				27FBB506162769250060C9AF /* GCD */,
				27FBB50B162769250060C9AF /* RunLoop */,
			);
			name = CocoaAsyncSocket;
			sourceTree = "<group>";
		};
		27FBB506162769250060C9AF /* GCD */ = {
			isa = PBXGroup;
			children = (
				27FBB507162769250060C9AF /* GCDAsyncSocket.h */,
				27FBB508162769250060C9AF /* GCDAsyncSocket.m */,
				27FBB509162769250060C9AF /* GCDAsyncUdpSocket.h */,
				27FBB50A162769250060C9AF /* GCDAsyncUdpSocket.m */,
			);
			name = GCD;
			path = Frameworks/CocoaAsyncSocket/GCD;
			sourceTree = "<group>";
		};
		27FBB50B162769250060C9AF /* RunLoop */ = {
			isa = PBXGroup;
			children = (
				27FBB50C162769250060C9AF /* AsyncSocket.h */,
				27FBB50D162769250060C9AF /* AsyncSocket.m */,
				27FBB50E162769250060C9AF /* AsyncUdpSocket.h */,
				27FBB50F162769250060C9AF /* AsyncUdpSocket.m */,
			);
			name = RunLoop;
			path = Frameworks/CocoaAsyncSocket/RunLoop;
			sourceTree = "<group>";
		};
		27FBB52D16276A060060C9AF /* Resources */ = {
			isa = PBXGroup;
			children = (
				27C38C9F162B96B9006E831C /* License-CocoaAsyncSocket.txt */,
				27C38CA0162B96B9006E831C /* License.txt */,
				27C38CA1162B96B9006E831C /* Version */,
			);
			name = Resources;
			sourceTree = "<group>";
		};
		D5A2581E163AE5F100D1E001 /* CocoaAsyncSocketTests */ = {
			isa = PBXGroup;
			children = (
				D5A2581F163AE5F100D1E001 /* CocoaAsyncSocketTests.h */,
				D5A25820163AE5F100D1E001 /* CocoaAsyncSocketTests.m */,
			);
			path = CocoaAsyncSocketTests;
			sourceTree = "<group>";
		};
		D5FE34CF163AEEF70090BB94 /* Shared */ = {
			isa = PBXGroup;
			children = (
				270B116E1628E022005A82FA /* CocoaLumberjack.xcodeproj */,
			);
			name = Shared;
			sourceTree = "<group>";
		};
		D5FE34D5163AEF510090BB94 /* Shared-Testing */ = {
			isa = PBXGroup;
			children = (
				D5FE34D3163AEF480090BB94 /* SenTestingKit.framework */,
			);
			name = "Shared-Testing";
			sourceTree = "<group>";
		};
		D5FE34D9163AEFAE0090BB94 /* OSX */ = {
			isa = PBXGroup;
			children = (
				D5FE34DB163AEFE40090BB94 /* CFNetwork.framework */,
				D5FE34D7163AEFA80090BB94 /* Security.framework */,
			);
			name = OSX;
			sourceTree = "<group>";
		};
		D5FE34E0163AF01C0090BB94 /* iOS-Testing */ = {
			isa = PBXGroup;
			children = (
				D5FE3667163AFC2E0090BB94 /* CoreGraphics.framework */,
				D5FE3665163AFC260090BB94 /* UIKit.framework */,
				D5FE34E1163AF0390090BB94 /* CFNetwork.framework */,
				D5FE34DE163AF0110090BB94 /* Security.framework */,
			);
			name = "iOS-Testing";
			sourceTree = "<group>";
		};
/* End PBXGroup section */

/* Begin PBXHeadersBuildPhase section */
		27FBB4E9162766610060C9AF /* Headers */ = {
			isa = PBXHeadersBuildPhase;
			buildActionMask = 2147483647;
			files = (
				27FBB510162769250060C9AF /* GCDAsyncSocket.h in Headers */,
				27FBB513162769250060C9AF /* GCDAsyncUdpSocket.h in Headers */,
				27FBB516162769250060C9AF /* AsyncSocket.h in Headers */,
				27FBB519162769250060C9AF /* AsyncUdpSocket.h in Headers */,
			);
			runOnlyForDeploymentPostprocessing = 0;
		};
		27FBB527162769AF0060C9AF /* Headers */ = {
			isa = PBXHeadersBuildPhase;
			buildActionMask = 2147483647;
			files = (
				27FBB528162769BF0060C9AF /* GCDAsyncSocket.h in Headers */,
				27FBB529162769BF0060C9AF /* GCDAsyncUdpSocket.h in Headers */,
				27FBB52A162769BF0060C9AF /* AsyncSocket.h in Headers */,
				27FBB52B162769BF0060C9AF /* AsyncUdpSocket.h in Headers */,
			);
			runOnlyForDeploymentPostprocessing = 0;
		};
/* End PBXHeadersBuildPhase section */

/* Begin PBXNativeTarget section */
		27FBB4D1162765FF0060C9AF /* CocoaAsyncSocketStaticIOS */ = {
			isa = PBXNativeTarget;
			buildConfigurationList = 27FBB4E0162765FF0060C9AF /* Build configuration list for PBXNativeTarget "CocoaAsyncSocketStaticIOS" */;
			buildPhases = (
				27FBB4CE162765FF0060C9AF /* Sources */,
				27FBB4CF162765FF0060C9AF /* Frameworks */,
				27FBB527162769AF0060C9AF /* Headers */,
				27FBB4D0162765FF0060C9AF /* CopyFiles */,
				27FBB52C162769DF0060C9AF /* Prepare Framework */,
			);
			buildRules = (
			);
			dependencies = (
				270B117D1628E036005A82FA /* PBXTargetDependency */,
			);
			name = CocoaAsyncSocketStaticIOS;
			productName = CocoaAsyncSocket;
			productReference = 27FBB4D2162765FF0060C9AF /* libCocoaAsyncSocket.a */;
			productType = "com.apple.product-type.library.static";
		};
		27FBB4EB162766610060C9AF /* CocoaAsyncSocketOSX */ = {
			isa = PBXNativeTarget;
			buildConfigurationList = 27FBB4FD162766610060C9AF /* Build configuration list for PBXNativeTarget "CocoaAsyncSocketOSX" */;
			buildPhases = (
				27FBB4E7162766610060C9AF /* Sources */,
				27FBB4E8162766610060C9AF /* Frameworks */,
				27FBB4E9162766610060C9AF /* Headers */,
				27FBB4EA162766610060C9AF /* Resources */,
				7BBD9D5D182C8EC5007395D5 /* CopyFiles */,
			);
			buildRules = (
			);
			dependencies = (
				270B11811628E03E005A82FA /* PBXTargetDependency */,
			);
			name = CocoaAsyncSocketOSX;
			productName = CocoaAsyncSocketOSX;
			productReference = 27FBB4EC162766610060C9AF /* CocoaAsyncSocket.framework */;
			productType = "com.apple.product-type.framework";
		};
		D5A25764163AE01700D1E001 /* CocoaAsyncSocketIOSTests */ = {
			isa = PBXNativeTarget;
			buildConfigurationList = D5A25775163AE01800D1E001 /* Build configuration list for PBXNativeTarget "CocoaAsyncSocketIOSTests" */;
			buildPhases = (
				D5A25760163AE01700D1E001 /* Sources */,
				D5A25761163AE01700D1E001 /* Frameworks */,
				D5A25762163AE01700D1E001 /* Resources */,
				D5A25763163AE01700D1E001 /* ShellScript */,
			);
			buildRules = (
			);
			dependencies = (
				D5FE34BE163AEE8D0090BB94 /* PBXTargetDependency */,
			);
			name = CocoaAsyncSocketIOSTests;
			productName = CocoaAsyncSocketIOSTests;
			productReference = D5A25765163AE01700D1E001 /* CocoaAsyncSocketIOSTests.octest */;
			productType = "com.apple.product-type.bundle";
		};
		D5A257AC163AE12400D1E001 /* CocoaAsyncSocketOSXTests */ = {
			isa = PBXNativeTarget;
			buildConfigurationList = D5A257BB163AE12400D1E001 /* Build configuration list for PBXNativeTarget "CocoaAsyncSocketOSXTests" */;
			buildPhases = (
				D5A257A8163AE12400D1E001 /* Sources */,
				D5A257A9163AE12400D1E001 /* Frameworks */,
				D5A257AA163AE12400D1E001 /* Resources */,
				D5A257AB163AE12400D1E001 /* ShellScript */,
			);
			buildRules = (
			);
			dependencies = (
				D5FE34BC163AEE870090BB94 /* PBXTargetDependency */,
			);
			name = CocoaAsyncSocketOSXTests;
			productName = CocoaAsyncSocketOSXTests;
			productReference = D5A257AD163AE12400D1E001 /* CocoaAsyncSocketOSXTests.octest */;
			productType = "com.apple.product-type.bundle";
		};
/* End PBXNativeTarget section */

/* Begin PBXProject section */
		27FBB4C9162765FF0060C9AF /* Project object */ = {
			isa = PBXProject;
			attributes = {
				LastUpgradeCheck = 0460;
				ORGANIZATIONNAME = "ASE Group";
			};
			buildConfigurationList = 27FBB4CC162765FF0060C9AF /* Build configuration list for PBXProject "CocoaAsyncSocket" */;
			compatibilityVersion = "Xcode 3.2";
			developmentRegion = English;
			hasScannedForEncodings = 0;
			knownRegions = (
				en,
			);
			mainGroup = 27FBB4C7162765FF0060C9AF;
			productRefGroup = 27FBB4D3162765FF0060C9AF /* Products */;
			projectDirPath = "";
			projectReferences = (
				{
					ProductGroup = 270B116F1628E022005A82FA /* Products */;
					ProjectRef = 270B116E1628E022005A82FA /* CocoaLumberjack.xcodeproj */;
				},
			);
			projectRoot = "";
			targets = (
				27FBB4D1162765FF0060C9AF /* CocoaAsyncSocketStaticIOS */,
				27FBB5001627668B0060C9AF /* CocoaAsyncSocketIOS */,
				27FBB4EB162766610060C9AF /* CocoaAsyncSocketOSX */,
				D5A25764163AE01700D1E001 /* CocoaAsyncSocketIOSTests */,
				D5A257AC163AE12400D1E001 /* CocoaAsyncSocketOSXTests */,
			);
		};
/* End PBXProject section */

/* Begin PBXReferenceProxy section */
		270B11781628E023005A82FA /* libCocoaLumberjack.a */ = {
			isa = PBXReferenceProxy;
			fileType = archive.ar;
			path = libCocoaLumberjack.a;
			remoteRef = 270B11771628E023005A82FA /* PBXContainerItemProxy */;
			sourceTree = BUILT_PRODUCTS_DIR;
		};
		270B117A1628E023005A82FA /* CocoaLumberjack.framework */ = {
			isa = PBXReferenceProxy;
			fileType = wrapper.framework;
			path = CocoaLumberjack.framework;
			remoteRef = 270B11791628E023005A82FA /* PBXContainerItemProxy */;
			sourceTree = BUILT_PRODUCTS_DIR;
		};
		D5A255DA163A262A00D1E001 /* CocoaLumberjackIOSTests.octest */ = {
			isa = PBXReferenceProxy;
			fileType = wrapper.cfbundle;
			path = CocoaLumberjackIOSTests.octest;
			remoteRef = D5A255D9163A262A00D1E001 /* PBXContainerItemProxy */;
			sourceTree = BUILT_PRODUCTS_DIR;
		};
		D5A255DC163A262A00D1E001 /* CocoaLumberjackOSXTests.octest */ = {
			isa = PBXReferenceProxy;
			fileType = wrapper.cfbundle;
			path = CocoaLumberjackOSXTests.octest;
			remoteRef = D5A255DB163A262A00D1E001 /* PBXContainerItemProxy */;
			sourceTree = BUILT_PRODUCTS_DIR;
		};
/* End PBXReferenceProxy section */

/* Begin PBXResourcesBuildPhase section */
		27FBB4EA162766610060C9AF /* Resources */ = {
			isa = PBXResourcesBuildPhase;
			buildActionMask = 2147483647;
			files = (
				27C38CA2162B96B9006E831C /* License-CocoaAsyncSocket.txt in Resources */,
				27C38CA3162B96B9006E831C /* License.txt in Resources */,
				27C38CA4162B96B9006E831C /* Version in Resources */,
			);
			runOnlyForDeploymentPostprocessing = 0;
		};
		D5A25762163AE01700D1E001 /* Resources */ = {
			isa = PBXResourcesBuildPhase;
			buildActionMask = 2147483647;
			files = (
			);
			runOnlyForDeploymentPostprocessing = 0;
		};
		D5A257AA163AE12400D1E001 /* Resources */ = {
			isa = PBXResourcesBuildPhase;
			buildActionMask = 2147483647;
			files = (
			);
			runOnlyForDeploymentPostprocessing = 0;
		};
/* End PBXResourcesBuildPhase section */

/* Begin PBXShellScriptBuildPhase section */
		27FBB52C162769DF0060C9AF /* Prepare Framework */ = {
			isa = PBXShellScriptBuildPhase;
			buildActionMask = 2147483647;
			files = (
			);
			inputPaths = (
			);
			name = "Prepare Framework";
			outputPaths = (
			);
			runOnlyForDeploymentPostprocessing = 0;
			shellPath = /bin/sh;
			shellScript = "set -e\n\nmkdir -p \"${BUILT_PRODUCTS_DIR}/${PRODUCT_NAME}.framework/Versions/${FRAMEWORK_VERSION}/Headers\"\nmkdir -p \"${BUILT_PRODUCTS_DIR}/${PRODUCT_NAME}.framework/Versions/${FRAMEWORK_VERSION}/Resources\"\n\n# Link the \"Current\" version to \"${FRAMEWORK_VERSION}\"\n/bin/ln -sfh \"${FRAMEWORK_VERSION}\" \"${BUILT_PRODUCTS_DIR}/${PRODUCT_NAME}.framework/Versions/Current\"\n/bin/ln -sfh Versions/Current/Headers \"${BUILT_PRODUCTS_DIR}/${PRODUCT_NAME}.framework/Headers\"\n/bin/ln -sfh Versions/Current/Resources \"${BUILT_PRODUCTS_DIR}/${PRODUCT_NAME}.framework/Resources\"\n/bin/ln -sfh \"Versions/Current/${PRODUCT_NAME}\" \"${BUILT_PRODUCTS_DIR}/${PRODUCT_NAME}.framework/${PRODUCT_NAME}\"\n\n# The -a ensures that the headers maintain the source modification date so that we don't constantly\n# cause propagating rebuilds of files that import these headers.\n/bin/cp -a \"${TARGET_BUILD_DIR}/${PUBLIC_HEADERS_FOLDER_PATH}/\" \"${BUILT_PRODUCTS_DIR}/${PRODUCT_NAME}.framework/Versions/${FRAMEWORK_VERSION}/Headers\"\n\n/bin/cp -a \"${BUILT_PRODUCTS_DIR}/${PROJECT_NAME}Resources/\" \"${BUILT_PRODUCTS_DIR}/${PRODUCT_NAME}.framework/Versions/${FRAMEWORK_VERSION}/Resources\"\n";
		};
		27FBB53916276B4E0060C9AF /* Build Framework */ = {
			isa = PBXShellScriptBuildPhase;
			buildActionMask = 2147483647;
			files = (
			);
			inputPaths = (
			);
			name = "Build Framework";
			outputPaths = (
			);
			runOnlyForDeploymentPostprocessing = 0;
			shellPath = /bin/sh;
			shellScript = "set -e\nset +u\n# Avoid recursively calling this script.\nif [[ $SF_MASTER_SCRIPT_RUNNING ]]\nthen\nexit 0\nfi\nset -u\nexport SF_MASTER_SCRIPT_RUNNING=1\n\nSF_TARGET_NAME=${PROJECT_NAME}\nSF_EXECUTABLE_PATH=\"lib${SF_TARGET_NAME}.a\"\nSF_WRAPPER_NAME=\"${SF_TARGET_NAME}.framework\"\n\n# The following conditionals come from\n# https://github.com/kstenerud/iOS-Universal-Framework\n\nif [[ \"$SDK_NAME\" =~ ([A-Za-z]+) ]]\nthen\nSF_SDK_PLATFORM=${BASH_REMATCH[1]}\nelse\necho \"Could not find platform name from SDK_NAME: $SDK_NAME\"\nexit 1\nfi\n\nif [[ \"$SDK_NAME\" =~ ([0-9]+.*$) ]]\nthen\nSF_SDK_VERSION=${BASH_REMATCH[1]}\nelse\necho \"Could not find sdk version from SDK_NAME: $SDK_NAME\"\nexit 1\nfi\n\nif [[ \"$SF_SDK_PLATFORM\" = \"iphoneos\" ]]\nthen\nSF_OTHER_PLATFORM=iphonesimulator\nelse\nSF_OTHER_PLATFORM=iphoneos\nfi\n\nif [[ \"$BUILT_PRODUCTS_DIR\" =~ (.*)$SF_SDK_PLATFORM$ ]]\nthen\nSF_OTHER_BUILT_PRODUCTS_DIR=\"${BASH_REMATCH[1]}${SF_OTHER_PLATFORM}\"\nelse\necho \"Could not find platform name from build products directory: $BUILT_PRODUCTS_DIR\"\nexit 1\nfi\n\n# Build the other platform.\nxcodebuild -project \"${PROJECT_FILE_PATH}\" -target \"${TARGET_NAME}\" -configuration \"${CONFIGURATION}\" -sdk ${SF_OTHER_PLATFORM}${SF_SDK_VERSION} BUILD_DIR=\"${BUILD_DIR}\" OBJROOT=\"${OBJROOT}\" BUILD_ROOT=\"${BUILD_ROOT}\" SYMROOT=\"${SYMROOT}\" $ACTION\n\n# Smash the two static libraries into one fat binary and store it in the .framework\nlipo -create \"${BUILT_PRODUCTS_DIR}/${SF_EXECUTABLE_PATH}\" \"${SF_OTHER_BUILT_PRODUCTS_DIR}/${SF_EXECUTABLE_PATH}\" -output \"${BUILT_PRODUCTS_DIR}/${SF_WRAPPER_NAME}/Versions/${FRAMEWORK_VERSION}/${SF_TARGET_NAME}\"\n\n# Copy the binary to the other architecture folder to have a complete framework in both.\ncp -a \"${BUILT_PRODUCTS_DIR}/${SF_WRAPPER_NAME}/Versions/${FRAMEWORK_VERSION}/${SF_TARGET_NAME}\" \"${SF_OTHER_BUILT_PRODUCTS_DIR}/${SF_WRAPPER_NAME}/Versions/${FRAMEWORK_VERSION}/${SF_TARGET_NAME}\"\n";
		};
		D5A25763163AE01700D1E001 /* ShellScript */ = {
			isa = PBXShellScriptBuildPhase;
			buildActionMask = 2147483647;
			files = (
			);
			inputPaths = (
			);
			outputPaths = (
			);
			runOnlyForDeploymentPostprocessing = 0;
			shellPath = /bin/sh;
			shellScript = "# Run the unit tests in this test bundle.\n\"${SYSTEM_DEVELOPER_DIR}/Tools/RunUnitTests\"\n";
		};
		D5A257AB163AE12400D1E001 /* ShellScript */ = {
			isa = PBXShellScriptBuildPhase;
			buildActionMask = 2147483647;
			files = (
			);
			inputPaths = (
			);
			outputPaths = (
			);
			runOnlyForDeploymentPostprocessing = 0;
			shellPath = /bin/sh;
			shellScript = "# Run the unit tests in this test bundle.\n\"${SYSTEM_DEVELOPER_DIR}/Tools/RunUnitTests\"\n";
		};
/* End PBXShellScriptBuildPhase section */

/* Begin PBXSourcesBuildPhase section */
		27FBB4CE162765FF0060C9AF /* Sources */ = {
			isa = PBXSourcesBuildPhase;
			buildActionMask = 2147483647;
			files = (
				27FBB511162769250060C9AF /* GCDAsyncSocket.m in Sources */,
				27FBB514162769250060C9AF /* GCDAsyncUdpSocket.m in Sources */,
				27FBB517162769250060C9AF /* AsyncSocket.m in Sources */,
				27FBB51A162769250060C9AF /* AsyncUdpSocket.m in Sources */,
			);
			runOnlyForDeploymentPostprocessing = 0;
		};
		27FBB4E7162766610060C9AF /* Sources */ = {
			isa = PBXSourcesBuildPhase;
			buildActionMask = 2147483647;
			files = (
				27FBB512162769250060C9AF /* GCDAsyncSocket.m in Sources */,
				27FBB515162769250060C9AF /* GCDAsyncUdpSocket.m in Sources */,
				27FBB518162769250060C9AF /* AsyncSocket.m in Sources */,
				27FBB51B162769250060C9AF /* AsyncUdpSocket.m in Sources */,
			);
			runOnlyForDeploymentPostprocessing = 0;
		};
		D5A25760163AE01700D1E001 /* Sources */ = {
			isa = PBXSourcesBuildPhase;
			buildActionMask = 2147483647;
			files = (
				D5A25821163AE5F100D1E001 /* CocoaAsyncSocketTests.m in Sources */,
			);
			runOnlyForDeploymentPostprocessing = 0;
		};
		D5A257A8163AE12400D1E001 /* Sources */ = {
			isa = PBXSourcesBuildPhase;
			buildActionMask = 2147483647;
			files = (
				D5A25822163AE5F100D1E001 /* CocoaAsyncSocketTests.m in Sources */,
			);
			runOnlyForDeploymentPostprocessing = 0;
		};
/* End PBXSourcesBuildPhase section */

/* Begin PBXTargetDependency section */
		270B117D1628E036005A82FA /* PBXTargetDependency */ = {
			isa = PBXTargetDependency;
			name = CocoaLumberjackStaticIOS;
			targetProxy = 270B117C1628E036005A82FA /* PBXContainerItemProxy */;
		};
		270B117F1628E03A005A82FA /* PBXTargetDependency */ = {
			isa = PBXTargetDependency;
			name = CocoaLumberjackIOS;
			targetProxy = 270B117E1628E03A005A82FA /* PBXContainerItemProxy */;
		};
		270B11811628E03E005A82FA /* PBXTargetDependency */ = {
			isa = PBXTargetDependency;
			name = CocoaLumberjackOSX;
			targetProxy = 270B11801628E03E005A82FA /* PBXContainerItemProxy */;
		};
		27FBB53816276B4C0060C9AF /* PBXTargetDependency */ = {
			isa = PBXTargetDependency;
			target = 27FBB4D1162765FF0060C9AF /* CocoaAsyncSocketStaticIOS */;
			targetProxy = 27FBB53716276B4C0060C9AF /* PBXContainerItemProxy */;
		};
		D5FE34BC163AEE870090BB94 /* PBXTargetDependency */ = {
			isa = PBXTargetDependency;
			target = 27FBB4EB162766610060C9AF /* CocoaAsyncSocketOSX */;
			targetProxy = D5FE34BB163AEE870090BB94 /* PBXContainerItemProxy */;
		};
		D5FE34BE163AEE8D0090BB94 /* PBXTargetDependency */ = {
			isa = PBXTargetDependency;
			target = 27FBB4D1162765FF0060C9AF /* CocoaAsyncSocketStaticIOS */;
			targetProxy = D5FE34BD163AEE8D0090BB94 /* PBXContainerItemProxy */;
		};
/* End PBXTargetDependency section */

/* Begin XCBuildConfiguration section */
		27FBB4DE162765FF0060C9AF /* Debug */ = {
			isa = XCBuildConfiguration;
			buildSettings = {
				ALWAYS_SEARCH_USER_PATHS = NO;
				CLANG_ENABLE_OBJC_ARC = YES;
				CLANG_WARN_CONSTANT_CONVERSION = YES;
				CLANG_WARN_ENUM_CONVERSION = YES;
				CLANG_WARN_INT_CONVERSION = YES;
				CLANG_WARN__DUPLICATE_METHOD_MATCH = YES;
				COPY_PHASE_STRIP = NO;
				DEAD_CODE_STRIPPING = NO;
				GCC_DYNAMIC_NO_PIC = NO;
				GCC_OPTIMIZATION_LEVEL = 0;
				GCC_PREPROCESSOR_DEFINITIONS = (
					"DEBUG=1",
					"$(inherited)",
				);
				GCC_SYMBOLS_PRIVATE_EXTERN = NO;
				GCC_VERSION = com.apple.compilers.llvm.clang.1_0;
				GCC_WARN_64_TO_32_BIT_CONVERSION = YES;
				GCC_WARN_ABOUT_RETURN_TYPE = YES;
				GCC_WARN_UNINITIALIZED_AUTOS = YES;
				GCC_WARN_UNUSED_VARIABLE = YES;
				INFOPLIST_FILE = "$(PROJECT_NAME)-Info.plist";
				IPHONEOS_DEPLOYMENT_TARGET = 6.0;
				MACOSX_DEPLOYMENT_TARGET = 10.8;
				ONLY_ACTIVE_ARCH = YES;
				PRODUCT_NAME = CocoaAsyncSocket;
				SDKROOT = iphoneos;
				SKIP_INSTALL = YES;
				STRIP_STYLE = "non-global";
			};
			name = Debug;
		};
		27FBB4DF162765FF0060C9AF /* Release */ = {
			isa = XCBuildConfiguration;
			buildSettings = {
				ALWAYS_SEARCH_USER_PATHS = NO;
				CLANG_ENABLE_OBJC_ARC = YES;
				CLANG_WARN_CONSTANT_CONVERSION = YES;
				CLANG_WARN_ENUM_CONVERSION = YES;
				CLANG_WARN_INT_CONVERSION = YES;
				CLANG_WARN__DUPLICATE_METHOD_MATCH = YES;
				COPY_PHASE_STRIP = NO;
				DEAD_CODE_STRIPPING = NO;
				GCC_VERSION = com.apple.compilers.llvm.clang.1_0;
				GCC_WARN_64_TO_32_BIT_CONVERSION = YES;
				GCC_WARN_ABOUT_RETURN_TYPE = YES;
				GCC_WARN_UNINITIALIZED_AUTOS = YES;
				GCC_WARN_UNUSED_VARIABLE = YES;
				INFOPLIST_FILE = "$(PROJECT_NAME)-Info.plist";
				IPHONEOS_DEPLOYMENT_TARGET = 6.0;
				MACOSX_DEPLOYMENT_TARGET = 10.8;
				PRODUCT_NAME = CocoaAsyncSocket;
				SDKROOT = iphoneos;
				SKIP_INSTALL = YES;
				STRIP_STYLE = "non-global";
				VALIDATE_PRODUCT = YES;
			};
			name = Release;
		};
		27FBB4E1162765FF0060C9AF /* Debug */ = {
			isa = XCBuildConfiguration;
			buildSettings = {
				PRIVATE_HEADERS_FOLDER_PATH = "$(PRODUCT_NAME)PrivateHeaders";
				PUBLIC_HEADERS_FOLDER_PATH = "$(PRODUCT_NAME)Headers";
			};
			name = Debug;
		};
		27FBB4E2162765FF0060C9AF /* Release */ = {
			isa = XCBuildConfiguration;
			buildSettings = {
				PRIVATE_HEADERS_FOLDER_PATH = "$(PRODUCT_NAME)PrivateHeaders";
				PUBLIC_HEADERS_FOLDER_PATH = "$(PRODUCT_NAME)Headers";
			};
			name = Release;
		};
		27FBB4FE162766610060C9AF /* Debug */ = {
			isa = XCBuildConfiguration;
			buildSettings = {
				ARCHS = "$(ARCHS_STANDARD_64_BIT)";
				COMBINE_HIDPI_IMAGES = YES;
				INSTALL_PATH = "@loader_path/Frameworks";
				LD_RUNPATH_SEARCH_PATHS = "@rpath";
				OTHER_LDFLAGS = (
					"-sub_umbrella",
					CocoaLumberjack,
				);
				SDKROOT = macosx;
				WRAPPER_EXTENSION = framework;
			};
			name = Debug;
		};
		27FBB4FF162766610060C9AF /* Release */ = {
			isa = XCBuildConfiguration;
			buildSettings = {
				ARCHS = "$(ARCHS_STANDARD_64_BIT)";
				COMBINE_HIDPI_IMAGES = YES;
				DEBUG_INFORMATION_FORMAT = "dwarf-with-dsym";
				INSTALL_PATH = "@loader_path/Frameworks";
				LD_RUNPATH_SEARCH_PATHS = "@rpath";
				OTHER_LDFLAGS = (
					"-sub_umbrella",
					CocoaLumberjack,
				);
				SDKROOT = macosx;
				WRAPPER_EXTENSION = framework;
			};
			name = Release;
		};
		27FBB5021627668B0060C9AF /* Debug */ = {
			isa = XCBuildConfiguration;
			buildSettings = {
			};
			name = Debug;
		};
		27FBB5031627668B0060C9AF /* Release */ = {
			isa = XCBuildConfiguration;
			buildSettings = {
			};
			name = Release;
		};
		D5A25776163AE01800D1E001 /* Debug */ = {
			isa = XCBuildConfiguration;
			buildSettings = {
				FRAMEWORK_SEARCH_PATHS = (
					"\"$(SDKROOT)/Developer/Library/Frameworks\"",
					"\"$(DEVELOPER_LIBRARY_DIR)/Frameworks\"",
				);
				OTHER_LDFLAGS = "-ObjC";
				PRODUCT_NAME = "$(TARGET_NAME)";
				WRAPPER_EXTENSION = octest;
			};
			name = Debug;
		};
		D5A25777163AE01800D1E001 /* Release */ = {
			isa = XCBuildConfiguration;
			buildSettings = {
				FRAMEWORK_SEARCH_PATHS = (
					"\"$(SDKROOT)/Developer/Library/Frameworks\"",
					"\"$(DEVELOPER_LIBRARY_DIR)/Frameworks\"",
				);
				OTHER_LDFLAGS = "-ObjC";
				PRODUCT_NAME = "$(TARGET_NAME)";
				WRAPPER_EXTENSION = octest;
			};
			name = Release;
		};
		D5A257BC163AE12400D1E001 /* Debug */ = {
			isa = XCBuildConfiguration;
			buildSettings = {
				ARCHS = "$(ARCHS_STANDARD_64_BIT)";
				COMBINE_HIDPI_IMAGES = YES;
				FRAMEWORK_SEARCH_PATHS = "\"$(DEVELOPER_LIBRARY_DIR)/Frameworks\"";
				PRODUCT_NAME = "$(TARGET_NAME)";
				SDKROOT = macosx;
				WRAPPER_EXTENSION = octest;
			};
			name = Debug;
		};
		D5A257BD163AE12400D1E001 /* Release */ = {
			isa = XCBuildConfiguration;
			buildSettings = {
				ARCHS = "$(ARCHS_STANDARD_64_BIT)";
				COMBINE_HIDPI_IMAGES = YES;
				FRAMEWORK_SEARCH_PATHS = "\"$(DEVELOPER_LIBRARY_DIR)/Frameworks\"";
				PRODUCT_NAME = "$(TARGET_NAME)";
				SDKROOT = macosx;
				WRAPPER_EXTENSION = octest;
			};
			name = Release;
		};
/* End XCBuildConfiguration section */

/* Begin XCConfigurationList section */
		27FBB4CC162765FF0060C9AF /* Build configuration list for PBXProject "CocoaAsyncSocket" */ = {
			isa = XCConfigurationList;
			buildConfigurations = (
				27FBB4DE162765FF0060C9AF /* Debug */,
				27FBB4DF162765FF0060C9AF /* Release */,
			);
			defaultConfigurationIsVisible = 0;
			defaultConfigurationName = Release;
		};
		27FBB4E0162765FF0060C9AF /* Build configuration list for PBXNativeTarget "CocoaAsyncSocketStaticIOS" */ = {
			isa = XCConfigurationList;
			buildConfigurations = (
				27FBB4E1162765FF0060C9AF /* Debug */,
				27FBB4E2162765FF0060C9AF /* Release */,
			);
			defaultConfigurationIsVisible = 0;
			defaultConfigurationName = Release;
		};
		27FBB4FD162766610060C9AF /* Build configuration list for PBXNativeTarget "CocoaAsyncSocketOSX" */ = {
			isa = XCConfigurationList;
			buildConfigurations = (
				27FBB4FE162766610060C9AF /* Debug */,
				27FBB4FF162766610060C9AF /* Release */,
			);
			defaultConfigurationIsVisible = 0;
			defaultConfigurationName = Release;
		};
		27FBB5011627668B0060C9AF /* Build configuration list for PBXAggregateTarget "CocoaAsyncSocketIOS" */ = {
			isa = XCConfigurationList;
			buildConfigurations = (
				27FBB5021627668B0060C9AF /* Debug */,
				27FBB5031627668B0060C9AF /* Release */,
			);
			defaultConfigurationIsVisible = 0;
			defaultConfigurationName = Release;
		};
		D5A25775163AE01800D1E001 /* Build configuration list for PBXNativeTarget "CocoaAsyncSocketIOSTests" */ = {
			isa = XCConfigurationList;
			buildConfigurations = (
				D5A25776163AE01800D1E001 /* Debug */,
				D5A25777163AE01800D1E001 /* Release */,
			);
			defaultConfigurationIsVisible = 0;
			defaultConfigurationName = Release;
		};
		D5A257BB163AE12400D1E001 /* Build configuration list for PBXNativeTarget "CocoaAsyncSocketOSXTests" */ = {
			isa = XCConfigurationList;
			buildConfigurations = (
				D5A257BC163AE12400D1E001 /* Debug */,
				D5A257BD163AE12400D1E001 /* Release */,
			);
			defaultConfigurationIsVisible = 0;
			defaultConfigurationName = Release;
		};
/* End XCConfigurationList section */
	};
	rootObject = 27FBB4C9162765FF0060C9AF /* Project object */;
}
